// !$*UTF8*$!
{
	archiveVersion = 1;
	classes = {
	};
	objectVersion = 77;
	objects = {

/* Begin PBXBuildFile section */
		5277C63B770743FE99DBC38A /* Supabase in Frameworks */ = {isa = PBXBuildFile; productRef = 5B1E3A22BF5A49F0A0674A29 /* Supabase */; };
		6239EC3E45E9FE781F5470FF /* Foundation.framework in Frameworks */ = {isa = PBXBuildFile; fileRef = C4157EEF9CF11945A655EC98 /* Foundation.framework */; };
		7E830684F25E5B97F4D0F16E /* Foundation.framework in Frameworks */ = {isa = PBXBuildFile; fileRef = 3AD17AF58FF4555D3C95B938 /* Foundation.framework */; };
		ABF8317D553C39E1206077BB /* Foundation.framework in Frameworks */ = {isa = PBXBuildFile; fileRef = C4157EEF9CF11945A655EC98 /* Foundation.framework */; };
		DF7BB7FCC27BBF93951CC525 /* FitnessTrackerWidgets.appex in Embed Foundation Extensions */ = {isa = PBXBuildFile; fileRef = C94BB9EFBF4731A27B78F87A /* FitnessTrackerWidgets.appex */; settings = {ATTRIBUTES = (RemoveHeadersOnCopy, ); }; };
/* End PBXBuildFile section */

/* Begin PBXContainerItemProxy section */
		43669A62E61919432D0257EE /* PBXContainerItemProxy */ = {
			isa = PBXContainerItemProxy;
			containerPortal = A1DE74E1302BA2E90083D4F2 /* Project object */;
			proxyType = 1;
			remoteGlobalIDString = A1DE74E8302BA2E90083D4F2;
			remoteInfo = FitnessTracker;
		};
		EEF875429C19F66822ECA86F /* PBXContainerItemProxy */ = {
			isa = PBXContainerItemProxy;
			containerPortal = A1DE74E1302BA2E90083D4F2 /* Project object */;
			proxyType = 1;
			remoteGlobalIDString = 84A2B9DAC16F61E06716C463;
			remoteInfo = FitnessTrackerWidgets;
		};
/* End PBXContainerItemProxy section */

/* Begin PBXCopyFilesBuildPhase section */
		9AB3DBABF55C690AD6061C60 /* Embed Foundation Extensions */ = {
			isa = PBXCopyFilesBuildPhase;
			buildActionMask = 2147483647;
			dstPath = "";
			dstSubfolderSpec = 13;
			files = (
				DF7BB7FCC27BBF93951CC525 /* FitnessTrackerWidgets.appex in Embed Foundation Extensions */,
			);
			name = "Embed Foundation Extensions";
			runOnlyForDeploymentPostprocessing = 0;
		};
/* End PBXCopyFilesBuildPhase section */

/* Begin PBXFileReference section */
		3AD17AF58FF4555D3C95B938 /* Foundation.framework */ = {isa = PBXFileReference; lastKnownFileType = wrapper.framework; name = Foundation.framework; path = Platforms/WatchOS.platform/Developer/SDKs/WatchOS11.0.sdk/System/Library/Frameworks/Foundation.framework; sourceTree = DEVELOPER_DIR; };
		5D5E93D2791C793BF2786B5A /* FitnessTrackerWatch.app */ = {isa = PBXFileReference; explicitFileType = wrapper.application; includeInIndex = 0; path = FitnessTrackerWatch.app; sourceTree = BUILT_PRODUCTS_DIR; };
		6CF5CD1D25354B0CB4835113 /* Config.xcconfig */ = {isa = PBXFileReference; lastKnownFileType = text.xcconfig; path = Config.xcconfig; sourceTree = "<group>"; };
		A1DE74E9302BA2E90083D4F2 /* FitnessTracker.app */ = {isa = PBXFileReference; explicitFileType = wrapper.application; includeInIndex = 0; path = FitnessTracker.app; sourceTree = BUILT_PRODUCTS_DIR; };
		C4157EEF9CF11945A655EC98 /* Foundation.framework */ = {isa = PBXFileReference; lastKnownFileType = wrapper.framework; name = Foundation.framework; path = Platforms/iPhoneOS.platform/Developer/SDKs/iPhoneOS18.0.sdk/System/Library/Frameworks/Foundation.framework; sourceTree = DEVELOPER_DIR; };
		C94BB9EFBF4731A27B78F87A /* FitnessTrackerWidgets.appex */ = {isa = PBXFileReference; explicitFileType = "wrapper.app-extension"; includeInIndex = 0; path = FitnessTrackerWidgets.appex; sourceTree = BUILT_PRODUCTS_DIR; };
		F4269D6B7AC073CBCCCD4EF7 /* FitnessTrackerTests.xctest */ = {isa = PBXFileReference; explicitFileType = wrapper.cfbundle; includeInIndex = 0; path = FitnessTrackerTests.xctest; sourceTree = BUILT_PRODUCTS_DIR; };
/* End PBXFileReference section */

/* Begin PBXFileSystemSynchronizedRootGroup section */
		03AE4A20B6D22DBE3D259D4D /* WatchShared */ = {
			isa = PBXFileSystemSynchronizedRootGroup;
			path = WatchShared;
			sourceTree = "<group>";
		};
		2CB5E90117D3EE1878B83455 /* FitnessTrackerTests */ = {
			isa = PBXFileSystemSynchronizedRootGroup;
			path = FitnessTrackerTests;
			sourceTree = "<group>";
		};
		7F9DE17CE492B0262DA4EFBD /* FitnessTrackerWatch */ = {
			isa = PBXFileSystemSynchronizedRootGroup;
			path = FitnessTrackerWatch;
			sourceTree = "<group>";
		};
		9ECF7F3A51FC8DBCD7EFE1FB /* FitnessTrackerWidgets */ = {
			isa = PBXFileSystemSynchronizedRootGroup;
			path = FitnessTrackerWidgets;
			sourceTree = "<group>";
		};
		A1DE74EB302BA2E90083D4F2 /* FitnessTracker */ = {
			isa = PBXFileSystemSynchronizedRootGroup;
			path = FitnessTracker;
			sourceTree = "<group>";
		};
		A2E17DB840C6E2D084A09632 /* Shared */ = {
			isa = PBXFileSystemSynchronizedRootGroup;
			path = Shared;
			sourceTree = "<group>";
		};
/* End PBXFileSystemSynchronizedRootGroup section */

/* Begin PBXFrameworksBuildPhase section */
		4232D1DF6A6798644B391834 /* Frameworks */ = {
			isa = PBXFrameworksBuildPhase;
			buildActionMask = 2147483647;
			files = (
				7E830684F25E5B97F4D0F16E /* Foundation.framework in Frameworks */,
			);
			runOnlyForDeploymentPostprocessing = 0;
		};
		59DBE118C2FEE0E78946B3F5 /* Frameworks */ = {
			isa = PBXFrameworksBuildPhase;
			buildActionMask = 2147483647;
			files = (
				ABF8317D553C39E1206077BB /* Foundation.framework in Frameworks */,
			);
			runOnlyForDeploymentPostprocessing = 0;
		};
		7DCA8945EBB2949E18C7B2D3 /* Frameworks */ = {
			isa = PBXFrameworksBuildPhase;
			buildActionMask = 2147483647;
			files = (
				6239EC3E45E9FE781F5470FF /* Foundation.framework in Frameworks */,
			);
			runOnlyForDeploymentPostprocessing = 0;
		};
		A1DE74E6302BA2E90083D4F2 /* Frameworks */ = {
			isa = PBXFrameworksBuildPhase;
			buildActionMask = 2147483647;
			files = (
				5277C63B770743FE99DBC38A /* Supabase in Frameworks */,
			);
			runOnlyForDeploymentPostprocessing = 0;
		};
/* End PBXFrameworksBuildPhase section */

/* Begin PBXGroup section */
		0D992B96D90F8C49706C3AFC /* Frameworks */ = {
			isa = PBXGroup;
			children = (
				7A1D9F0CA9915653AD548877 /* iOS */,
				9E3DD4321690F267062079E1 /* watchOS */,
			);
			name = Frameworks;
			sourceTree = "<group>";
		};
		7A1D9F0CA9915653AD548877 /* iOS */ = {
			isa = PBXGroup;
			children = (
				C4157EEF9CF11945A655EC98 /* Foundation.framework */,
			);
			name = iOS;
			sourceTree = "<group>";
		};
		9E3DD4321690F267062079E1 /* watchOS */ = {
			isa = PBXGroup;
			children = (
				3AD17AF58FF4555D3C95B938 /* Foundation.framework */,
			);
			name = watchOS;
			sourceTree = "<group>";
		};
		A1DE74E0302BA2E90083D4F2 = {
			isa = PBXGroup;
			children = (
				A1DE74EB302BA2E90083D4F2 /* FitnessTracker */,
				6CF5CD1D25354B0CB4835113 /* Config.xcconfig */,
				A1DE74EA302BA2E90083D4F2 /* Products */,
				0D992B96D90F8C49706C3AFC /* Frameworks */,
				9ECF7F3A51FC8DBCD7EFE1FB /* FitnessTrackerWidgets */,
				A2E17DB840C6E2D084A09632 /* Shared */,
				7F9DE17CE492B0262DA4EFBD /* FitnessTrackerWatch */,
				03AE4A20B6D22DBE3D259D4D /* WatchShared */,
				2CB5E90117D3EE1878B83455 /* FitnessTrackerTests */,
			);
			sourceTree = "<group>";
		};
		A1DE74EA302BA2E90083D4F2 /* Products */ = {
			isa = PBXGroup;
			children = (
				A1DE74E9302BA2E90083D4F2 /* FitnessTracker.app */,
				C94BB9EFBF4731A27B78F87A /* FitnessTrackerWidgets.appex */,
				5D5E93D2791C793BF2786B5A /* FitnessTrackerWatch.app */,
				F4269D6B7AC073CBCCCD4EF7 /* FitnessTrackerTests.xctest */,
			);
			name = Products;
			sourceTree = "<group>";
		};
/* End PBXGroup section */

/* Begin PBXNativeTarget section */
		0E1495B8C8200B645D3A989C /* FitnessTrackerTests */ = {
			isa = PBXNativeTarget;
			buildConfigurationList = D8A054EE34B82BE256EAA5AF /* Build configuration list for PBXNativeTarget "FitnessTrackerTests" */;
			buildPhases = (
				A28E712DDD2C02FD546582E8 /* Sources */,
				59DBE118C2FEE0E78946B3F5 /* Frameworks */,
				8F31C2BD867C1EA637B2B9F1 /* Resources */,
			);
			buildRules = (
			);
			dependencies = (
				D37A7FBD8305D82F7475002B /* PBXTargetDependency */,
			);
			fileSystemSynchronizedGroups = (
				2CB5E90117D3EE1878B83455 /* FitnessTrackerTests */,
			);
			name = FitnessTrackerTests;
			productName = FitnessTrackerTests;
			productReference = F4269D6B7AC073CBCCCD4EF7 /* FitnessTrackerTests.xctest */;
			productType = "com.apple.product-type.bundle.unit-test";
		};
		84A2B9DAC16F61E06716C463 /* FitnessTrackerWidgets */ = {
			isa = PBXNativeTarget;
			buildConfigurationList = D45D76BC72D2023B33556E69 /* Build configuration list for PBXNativeTarget "FitnessTrackerWidgets" */;
			buildPhases = (
				C1BD847A34364216FEB00EAB /* Sources */,
				7DCA8945EBB2949E18C7B2D3 /* Frameworks */,
				F5540990F0A6C819DE396CBE /* Resources */,
			);
			buildRules = (
			);
			dependencies = (
			);
			fileSystemSynchronizedGroups = (
				9ECF7F3A51FC8DBCD7EFE1FB /* FitnessTrackerWidgets */,
				A2E17DB840C6E2D084A09632 /* Shared */,
			);
			name = FitnessTrackerWidgets;
			productName = FitnessTrackerWidgets;
			productReference = C94BB9EFBF4731A27B78F87A /* FitnessTrackerWidgets.appex */;
			productType = "com.apple.product-type.app-extension";
		};
		A1DE74E8302BA2E90083D4F2 /* FitnessTracker */ = {
			isa = PBXNativeTarget;
			buildConfigurationList = A1DE74F4302BA2EA0083D4F2 /* Build configuration list for PBXNativeTarget "FitnessTracker" */;
			buildPhases = (
				A1DE74E5302BA2E90083D4F2 /* Sources */,
				A1DE74E6302BA2E90083D4F2 /* Frameworks */,
				A1DE74E7302BA2E90083D4F2 /* Resources */,
				9AB3DBABF55C690AD6061C60 /* Embed Foundation Extensions */,
			);
			buildRules = (
			);
			dependencies = (
				E2762255F34E4CA1F2838485 /* PBXTargetDependency */,
			);
			fileSystemSynchronizedGroups = (
				03AE4A20B6D22DBE3D259D4D /* WatchShared */,
				A1DE74EB302BA2E90083D4F2 /* FitnessTracker */,
				A2E17DB840C6E2D084A09632 /* Shared */,
			);
			name = FitnessTracker;
			packageProductDependencies = (
				5B1E3A22BF5A49F0A0674A29 /* Supabase */,
			);
			productName = FitnessTracker;
			productReference = A1DE74E9302BA2E90083D4F2 /* FitnessTracker.app */;
			productType = "com.apple.product-type.application";
		};
		B0B0E093CFE431208B32B8DC /* FitnessTrackerWatch */ = {
			isa = PBXNativeTarget;
			buildConfigurationList = E4DB3A2A85258F4FED927D76 /* Build configuration list for PBXNativeTarget "FitnessTrackerWatch" */;
			buildPhases = (
				10F86C3A0F19F6D0A8D06CE3 /* Sources */,
				4232D1DF6A6798644B391834 /* Frameworks */,
				0F897E4950284E2FFB0214FD /* Resources */,
			);
			buildRules = (
			);
			dependencies = (
			);
			fileSystemSynchronizedGroups = (
				03AE4A20B6D22DBE3D259D4D /* WatchShared */,
				7F9DE17CE492B0262DA4EFBD /* FitnessTrackerWatch */,
			);
			name = FitnessTrackerWatch;
			productName = FitnessTrackerWatch;
			productReference = 5D5E93D2791C793BF2786B5A /* FitnessTrackerWatch.app */;
			productType = "com.apple.product-type.application";
		};
/* End PBXNativeTarget section */

/* Begin PBXProject section */
		A1DE74E1302BA2E90083D4F2 /* Project object */ = {
			isa = PBXProject;
			attributes = {
				BuildIndependentTargetsInParallel = 1;
				LastSwiftUpdateCheck = 2660;
				LastUpgradeCheck = 2660;
				TargetAttributes = {
					A1DE74E8302BA2E90083D4F2 = {
						CreatedOnToolsVersion = 26.6;
					};
				};
			};
			buildConfigurationList = A1DE74E4302BA2E90083D4F2 /* Build configuration list for PBXProject "FitnessTracker" */;
			developmentRegion = en;
			hasScannedForEncodings = 0;
			knownRegions = (
				en,
				Base,
			);
			mainGroup = A1DE74E0302BA2E90083D4F2;
			minimizedProjectReferenceProxies = 1;
			packageReferences = (
				142AFBFB4C36434C9DD5FAAF /* XCRemoteSwiftPackageReference "supabase-swift" */,
			);
			preferredProjectObjectVersion = 77;
			productRefGroup = A1DE74EA302BA2E90083D4F2 /* Products */;
			projectDirPath = "";
			projectRoot = "";
			targets = (
				A1DE74E8302BA2E90083D4F2 /* FitnessTracker */,
				84A2B9DAC16F61E06716C463 /* FitnessTrackerWidgets */,
				B0B0E093CFE431208B32B8DC /* FitnessTrackerWatch */,
				0E1495B8C8200B645D3A989C /* FitnessTrackerTests */,
			);
		};
/* End PBXProject section */

/* Begin PBXResourcesBuildPhase section */
		0F897E4950284E2FFB0214FD /* Resources */ = {
			isa = PBXResourcesBuildPhase;
			buildActionMask = 2147483647;
			files = (
			);
			runOnlyForDeploymentPostprocessing = 0;
		};
		8F31C2BD867C1EA637B2B9F1 /* Resources */ = {
			isa = PBXResourcesBuildPhase;
			buildActionMask = 2147483647;
			files = (
			);
			runOnlyForDeploymentPostprocessing = 0;
		};
		A1DE74E7302BA2E90083D4F2 /* Resources */ = {
			isa = PBXResourcesBuildPhase;
			buildActionMask = 2147483647;
			files = (
			);
			runOnlyForDeploymentPostprocessing = 0;
		};
		F5540990F0A6C819DE396CBE /* Resources */ = {
			isa = PBXResourcesBuildPhase;
			buildActionMask = 2147483647;
			files = (
			);
			runOnlyForDeploymentPostprocessing = 0;
		};
/* End PBXResourcesBuildPhase section */

/* Begin PBXSourcesBuildPhase section */
		10F86C3A0F19F6D0A8D06CE3 /* Sources */ = {
			isa = PBXSourcesBuildPhase;
			buildActionMask = 2147483647;
			files = (
			);
			runOnlyForDeploymentPostprocessing = 0;
		};
		A1DE74E5302BA2E90083D4F2 /* Sources */ = {
			isa = PBXSourcesBuildPhase;
			buildActionMask = 2147483647;
			files = (
			);
			runOnlyForDeploymentPostprocessing = 0;
		};
		A28E712DDD2C02FD546582E8 /* Sources */ = {
			isa = PBXSourcesBuildPhase;
			buildActionMask = 2147483647;
			files = (
			);
			runOnlyForDeploymentPostprocessing = 0;
		};
		C1BD847A34364216FEB00EAB /* Sources */ = {
			isa = PBXSourcesBuildPhase;
			buildActionMask = 2147483647;
			files = (
			);
			runOnlyForDeploymentPostprocessing = 0;
		};
/* End PBXSourcesBuildPhase section */

/* Begin PBXTargetDependency section */
		D37A7FBD8305D82F7475002B /* PBXTargetDependency */ = {
			isa = PBXTargetDependency;
			name = FitnessTracker;
			target = A1DE74E8302BA2E90083D4F2 /* FitnessTracker */;
			targetProxy = 43669A62E61919432D0257EE /* PBXContainerItemProxy */;
		};
		E2762255F34E4CA1F2838485 /* PBXTargetDependency */ = {
			isa = PBXTargetDependency;
			name = FitnessTrackerWidgets;
			target = 84A2B9DAC16F61E06716C463 /* FitnessTrackerWidgets */;
			targetProxy = EEF875429C19F66822ECA86F /* PBXContainerItemProxy */;
		};
/* End PBXTargetDependency section */

/* Begin XCBuildConfiguration section */
		59C334755AFA1FD6DC958DCF /* Debug */ = {
			isa = XCBuildConfiguration;
			buildSettings = {
				ALWAYS_EMBED_SWIFT_STANDARD_LIBRARIES = YES;
				ASSETCATALOG_COMPILER_APPICON_NAME = AppIcon;
				ASSETCATALOG_COMPILER_GLOBAL_ACCENT_COLOR_NAME = AccentColor;
				CODE_SIGN_ENTITLEMENTS = Supporting/FitnessTrackerWatch.entitlements;
				CODE_SIGN_STYLE = Automatic;
				CURRENT_PROJECT_VERSION = 1;
				DEVELOPMENT_TEAM = QN8CMK7H5F;
				ENABLE_PREVIEWS = YES;
				GENERATE_INFOPLIST_FILE = YES;
				INFOPLIST_KEY_CFBundleDisplayName = Fitness;
				INFOPLIST_KEY_NSHealthShareUsageDescription = "Fitness Tracker reads steps and heart rate to log your treadmill sessions.";
				INFOPLIST_KEY_NSHealthUpdateUsageDescription = "Fitness Tracker saves your treadmill sessions as workouts.";
				INFOPLIST_KEY_WKApplication = YES;
				INFOPLIST_KEY_WKCompanionAppBundleIdentifier = dkn.FitnessTracker;
				LD_RUNPATH_SEARCH_PATHS = (
					"$(inherited)",
					"@executable_path/Frameworks",
				);
				MARKETING_VERSION = 1.0;
				PRODUCT_BUNDLE_IDENTIFIER = dkn.FitnessTracker.watchkitapp;
				PRODUCT_NAME = "$(TARGET_NAME)";
				SDKROOT = watchos;
				SKIP_INSTALL = YES;
				SUPPORTED_PLATFORMS = "watchos watchsimulator";
				SWIFT_EMIT_LOC_STRINGS = YES;
				SWIFT_VERSION = 5.0;
				TARGETED_DEVICE_FAMILY = 4;
				WATCHOS_DEPLOYMENT_TARGET = 11.0;
			};
			name = Debug;
		};
		749FA62D4E18599D5541F309 /* Release */ = {
			isa = XCBuildConfiguration;
			buildSettings = {
				CLANG_ENABLE_OBJC_WEAK = NO;
				CODE_SIGN_ENTITLEMENTS = Supporting/FitnessTrackerWidgets.entitlements;
				CODE_SIGN_STYLE = Automatic;
				CURRENT_PROJECT_VERSION = 1;
				DEVELOPMENT_TEAM = QN8CMK7H5F;
				GENERATE_INFOPLIST_FILE = NO;
				INFOPLIST_FILE = Supporting/WidgetInfo.plist;
				IPHONEOS_DEPLOYMENT_TARGET = 26.0;
				LD_RUNPATH_SEARCH_PATHS = (
					"$(inherited)",
					"@executable_path/Frameworks",
					"@executable_path/../../Frameworks",
				);
				MARKETING_VERSION = 1.0;
				PRODUCT_BUNDLE_IDENTIFIER = dkn.FitnessTracker.Widgets;
				PRODUCT_NAME = "$(TARGET_NAME)";
				SDKROOT = iphoneos;
				SKIP_INSTALL = YES;
				SWIFT_EMIT_LOC_STRINGS = YES;
				SWIFT_VERSION = 5.0;
				TARGETED_DEVICE_FAMILY = "1,2";
				VALIDATE_PRODUCT = YES;
			};
			name = Release;
		};
		A1DE74F2302BA2EA0083D4F2 /* Debug */ = {
			isa = XCBuildConfiguration;
			buildSettings = {
				ALWAYS_SEARCH_USER_PATHS = NO;
				ASSETCATALOG_COMPILER_GENERATE_SWIFT_ASSET_SYMBOL_EXTENSIONS = YES;
				CLANG_ANALYZER_NONNULL = YES;
				CLANG_ANALYZER_NUMBER_OBJECT_CONVERSION = YES_AGGRESSIVE;
				CLANG_CXX_LANGUAGE_STANDARD = "gnu++20";
				CLANG_ENABLE_MODULES = YES;
				CLANG_ENABLE_OBJC_ARC = YES;
				CLANG_ENABLE_OBJC_WEAK = YES;
				CLANG_WARN_BLOCK_CAPTURE_AUTORELEASING = YES;
				CLANG_WARN_BOOL_CONVERSION = YES;
				CLANG_WARN_COMMA = YES;
				CLANG_WARN_CONSTANT_CONVERSION = YES;
				CLANG_WARN_DEPRECATED_OBJC_IMPLEMENTATIONS = YES;
				CLANG_WARN_DIRECT_OBJC_ISA_USAGE = YES_ERROR;
				CLANG_WARN_DOCUMENTATION_COMMENTS = YES;
				CLANG_WARN_EMPTY_BODY = YES;
				CLANG_WARN_ENUM_CONVERSION = YES;
				CLANG_WARN_INFINITE_RECURSION = YES;
				CLANG_WARN_INT_CONVERSION = YES;
				CLANG_WARN_NON_LITERAL_NULL_CONVERSION = YES;
				CLANG_WARN_OBJC_IMPLICIT_RETAIN_SELF = YES;
				CLANG_WARN_OBJC_LITERAL_CONVERSION = YES;
				CLANG_WARN_OBJC_ROOT_CLASS = YES_ERROR;
				CLANG_WARN_QUOTED_INCLUDE_IN_FRAMEWORK_HEADER = YES;
				CLANG_WARN_RANGE_LOOP_ANALYSIS = YES;
				CLANG_WARN_STRICT_PROTOTYPES = YES;
				CLANG_WARN_SUSPICIOUS_MOVE = YES;
				CLANG_WARN_UNGUARDED_AVAILABILITY = YES_AGGRESSIVE;
				CLANG_WARN_UNREACHABLE_CODE = YES;
				CLANG_WARN__DUPLICATE_METHOD_MATCH = YES;
				COPY_PHASE_STRIP = NO;
				DEBUG_INFORMATION_FORMAT = dwarf;
				ENABLE_STRICT_OBJC_MSGSEND = YES;
				ENABLE_TESTABILITY = YES;
				ENABLE_USER_SCRIPT_SANDBOXING = YES;
				GCC_C_LANGUAGE_STANDARD = gnu17;
				GCC_DYNAMIC_NO_PIC = NO;
				GCC_NO_COMMON_BLOCKS = YES;
				GCC_OPTIMIZATION_LEVEL = 0;
				GCC_PREPROCESSOR_DEFINITIONS = (
					"DEBUG=1",
					"$(inherited)",
				);
				GCC_WARN_64_TO_32_BIT_CONVERSION = YES;
				GCC_WARN_ABOUT_RETURN_TYPE = YES_ERROR;
				GCC_WARN_UNDECLARED_SELECTOR = YES;
				GCC_WARN_UNINITIALIZED_AUTOS = YES_AGGRESSIVE;
				GCC_WARN_UNUSED_FUNCTION = YES;
				GCC_WARN_UNUSED_VARIABLE = YES;
				IPHONEOS_DEPLOYMENT_TARGET = 26.5;
				LOCALIZATION_PREFERS_STRING_CATALOGS = YES;
				MTL_ENABLE_DEBUG_INFO = INCLUDE_SOURCE;
				MTL_FAST_MATH = YES;
				ONLY_ACTIVE_ARCH = YES;
				SDKROOT = iphoneos;
				SWIFT_ACTIVE_COMPILATION_CONDITIONS = "DEBUG $(inherited)";
				SWIFT_OPTIMIZATION_LEVEL = "-Onone";
			};
			name = Debug;
		};
		A1DE74F3302BA2EA0083D4F2 /* Release */ = {
			isa = XCBuildConfiguration;
			buildSettings = {
				ALWAYS_SEARCH_USER_PATHS = NO;
				ASSETCATALOG_COMPILER_GENERATE_SWIFT_ASSET_SYMBOL_EXTENSIONS = YES;
				CLANG_ANALYZER_NONNULL = YES;
				CLANG_ANALYZER_NUMBER_OBJECT_CONVERSION = YES_AGGRESSIVE;
				CLANG_CXX_LANGUAGE_STANDARD = "gnu++20";
				CLANG_ENABLE_MODULES = YES;
				CLANG_ENABLE_OBJC_ARC = YES;
				CLANG_ENABLE_OBJC_WEAK = YES;
				CLANG_WARN_BLOCK_CAPTURE_AUTORELEASING = YES;
				CLANG_WARN_BOOL_CONVERSION = YES;
				CLANG_WARN_COMMA = YES;
				CLANG_WARN_CONSTANT_CONVERSION = YES;
				CLANG_WARN_DEPRECATED_OBJC_IMPLEMENTATIONS = YES;
				CLANG_WARN_DIRECT_OBJC_ISA_USAGE = YES_ERROR;
				CLANG_WARN_DOCUMENTATION_COMMENTS = YES;
				CLANG_WARN_EMPTY_BODY = YES;
				CLANG_WARN_ENUM_CONVERSION = YES;
				CLANG_WARN_INFINITE_RECURSION = YES;
				CLANG_WARN_INT_CONVERSION = YES;
				CLANG_WARN_NON_LITERAL_NULL_CONVERSION = YES;
				CLANG_WARN_OBJC_IMPLICIT_RETAIN_SELF = YES;
				CLANG_WARN_OBJC_LITERAL_CONVERSION = YES;
				CLANG_WARN_OBJC_ROOT_CLASS = YES_ERROR;
				CLANG_WARN_QUOTED_INCLUDE_IN_FRAMEWORK_HEADER = YES;
				CLANG_WARN_RANGE_LOOP_ANALYSIS = YES;
				CLANG_WARN_STRICT_PROTOTYPES = YES;
				CLANG_WARN_SUSPICIOUS_MOVE = YES;
				CLANG_WARN_UNGUARDED_AVAILABILITY = YES_AGGRESSIVE;
				CLANG_WARN_UNREACHABLE_CODE = YES;
				CLANG_WARN__DUPLICATE_METHOD_MATCH = YES;
				COPY_PHASE_STRIP = NO;
				DEBUG_INFORMATION_FORMAT = "dwarf-with-dsym";
				ENABLE_NS_ASSERTIONS = NO;
				ENABLE_STRICT_OBJC_MSGSEND = YES;
				ENABLE_USER_SCRIPT_SANDBOXING = YES;
				GCC_C_LANGUAGE_STANDARD = gnu17;
				GCC_NO_COMMON_BLOCKS = YES;
				GCC_WARN_64_TO_32_BIT_CONVERSION = YES;
				GCC_WARN_ABOUT_RETURN_TYPE = YES_ERROR;
				GCC_WARN_UNDECLARED_SELECTOR = YES;
				GCC_WARN_UNINITIALIZED_AUTOS = YES_AGGRESSIVE;
				GCC_WARN_UNUSED_FUNCTION = YES;
				GCC_WARN_UNUSED_VARIABLE = YES;
				IPHONEOS_DEPLOYMENT_TARGET = 26.5;
				LOCALIZATION_PREFERS_STRING_CATALOGS = YES;
				MTL_ENABLE_DEBUG_INFO = NO;
				MTL_FAST_MATH = YES;
				SDKROOT = iphoneos;
				SWIFT_COMPILATION_MODE = wholemodule;
				VALIDATE_PRODUCT = YES;
			};
			name = Release;
		};
		A1DE74F5302BA2EA0083D4F2 /* Debug */ = {
			isa = XCBuildConfiguration;
			baseConfigurationReference = 6CF5CD1D25354B0CB4835113 /* Config.xcconfig */;
			buildSettings = {
				ASSETCATALOG_COMPILER_APPICON_NAME = AppIcon;
				ASSETCATALOG_COMPILER_GLOBAL_ACCENT_COLOR_NAME = AccentColor;
				CODE_SIGN_ENTITLEMENTS = Supporting/FitnessTracker.entitlements;
				CODE_SIGN_STYLE = Automatic;
				CURRENT_PROJECT_VERSION = 1;
				DEVELOPMENT_TEAM = QN8CMK7H5F;
				ENABLE_PREVIEWS = YES;
				INFOPLIST_FILE = Supporting/Info.plist;
				IPHONEOS_DEPLOYMENT_TARGET = 26.0;
				LD_RUNPATH_SEARCH_PATHS = (
					"$(inherited)",
					"@executable_path/Frameworks",
				);
				MARKETING_VERSION = 1.0;
				PRODUCT_BUNDLE_IDENTIFIER = dkn.FitnessTracker;
				PRODUCT_NAME = "$(TARGET_NAME)";
				STRING_CATALOG_GENERATE_SYMBOLS = YES;
				SWIFT_APPROACHABLE_CONCURRENCY = YES;
				SWIFT_DEFAULT_ACTOR_ISOLATION = MainActor;
				SWIFT_EMIT_LOC_STRINGS = YES;
				SWIFT_UPCOMING_FEATURE_MEMBER_IMPORT_VISIBILITY = YES;
				SWIFT_VERSION = 5.0;
				TARGETED_DEVICE_FAMILY = "1,2";
			};
			name = Debug;
		};
		A1DE74F6302BA2EA0083D4F2 /* Release */ = {
			isa = XCBuildConfiguration;
			baseConfigurationReference = 6CF5CD1D25354B0CB4835113 /* Config.xcconfig */;
			buildSettings = {
				ASSETCATALOG_COMPILER_APPICON_NAME = AppIcon;
				ASSETCATALOG_COMPILER_GLOBAL_ACCENT_COLOR_NAME = AccentColor;
				CODE_SIGN_ENTITLEMENTS = Supporting/FitnessTracker.entitlements;
				CODE_SIGN_STYLE = Automatic;
				CURRENT_PROJECT_VERSION = 1;
				DEVELOPMENT_TEAM = QN8CMK7H5F;
				ENABLE_PREVIEWS = YES;
				INFOPLIST_FILE = Supporting/Info.plist;
				IPHONEOS_DEPLOYMENT_TARGET = 26.0;
				LD_RUNPATH_SEARCH_PATHS = (
					"$(inherited)",
					"@executable_path/Frameworks",
				);
				MARKETING_VERSION = 1.0;
				PRODUCT_BUNDLE_IDENTIFIER = dkn.FitnessTracker;
				PRODUCT_NAME = "$(TARGET_NAME)";
				STRING_CATALOG_GENERATE_SYMBOLS = YES;
				SWIFT_APPROACHABLE_CONCURRENCY = YES;
				SWIFT_DEFAULT_ACTOR_ISOLATION = MainActor;
				SWIFT_EMIT_LOC_STRINGS = YES;
				SWIFT_UPCOMING_FEATURE_MEMBER_IMPORT_VISIBILITY = YES;
				SWIFT_VERSION = 5.0;
				TARGETED_DEVICE_FAMILY = "1,2";
			};
			name = Release;
		};
		CB9F7DA83C3A797CF708695D /* Release */ = {
			isa = XCBuildConfiguration;
			buildSettings = {
				ALWAYS_EMBED_SWIFT_STANDARD_LIBRARIES = YES;
				ASSETCATALOG_COMPILER_APPICON_NAME = AppIcon;
				ASSETCATALOG_COMPILER_GLOBAL_ACCENT_COLOR_NAME = AccentColor;
				CODE_SIGN_ENTITLEMENTS = Supporting/FitnessTrackerWatch.entitlements;
				CODE_SIGN_STYLE = Automatic;
				CURRENT_PROJECT_VERSION = 1;
				DEVELOPMENT_TEAM = QN8CMK7H5F;
				ENABLE_PREVIEWS = YES;
				GENERATE_INFOPLIST_FILE = YES;
				INFOPLIST_KEY_CFBundleDisplayName = Fitness;
				INFOPLIST_KEY_NSHealthShareUsageDescription = "Fitness Tracker reads steps and heart rate to log your treadmill sessions.";
				INFOPLIST_KEY_NSHealthUpdateUsageDescription = "Fitness Tracker saves your treadmill sessions as workouts.";
				INFOPLIST_KEY_WKApplication = YES;
				INFOPLIST_KEY_WKCompanionAppBundleIdentifier = dkn.FitnessTracker;
				LD_RUNPATH_SEARCH_PATHS = (
					"$(inherited)",
					"@executable_path/Frameworks",
				);
				MARKETING_VERSION = 1.0;
				PRODUCT_BUNDLE_IDENTIFIER = dkn.FitnessTracker.watchkitapp;
				PRODUCT_NAME = "$(TARGET_NAME)";
				SDKROOT = watchos;
				SKIP_INSTALL = YES;
				SUPPORTED_PLATFORMS = "watchos watchsimulator";
				SWIFT_EMIT_LOC_STRINGS = YES;
				SWIFT_VERSION = 5.0;
				TARGETED_DEVICE_FAMILY = 4;
				VALIDATE_PRODUCT = YES;
				WATCHOS_DEPLOYMENT_TARGET = 11.0;
			};
			name = Release;
		};
		EBC239007F70B4E76FBE6020 /* Release */ = {
			isa = XCBuildConfiguration;
			buildSettings = {
				BUNDLE_LOADER = "$(TEST_HOST)";
				CLANG_ENABLE_OBJC_WEAK = NO;
				CODE_SIGN_STYLE = Automatic;
				DEVELOPMENT_TEAM = QN8CMK7H5F;
				GENERATE_INFOPLIST_FILE = YES;
				IPHONEOS_DEPLOYMENT_TARGET = 26.0;
				PRODUCT_BUNDLE_IDENTIFIER = dkn.FitnessTracker.Tests;
				PRODUCT_NAME = "$(TARGET_NAME)";
				SDKROOT = iphoneos;
				SWIFT_DEFAULT_ACTOR_ISOLATION = MainActor;
				SWIFT_VERSION = 5.0;
				TEST_HOST = "$(BUILT_PRODUCTS_DIR)/FitnessTracker.app/$(BUNDLE_EXECUTABLE_FOLDER_PATH)/FitnessTracker";
				VALIDATE_PRODUCT = YES;
			};
			name = Release;
		};
		F650CD28002FAFACD7D06E70 /* Debug */ = {
			isa = XCBuildConfiguration;
			buildSettings = {
				BUNDLE_LOADER = "$(TEST_HOST)";
				CLANG_ENABLE_OBJC_WEAK = NO;
				CODE_SIGN_STYLE = Automatic;
				DEVELOPMENT_TEAM = QN8CMK7H5F;
				GENERATE_INFOPLIST_FILE = YES;
				IPHONEOS_DEPLOYMENT_TARGET = 26.0;
				PRODUCT_BUNDLE_IDENTIFIER = dkn.FitnessTracker.Tests;
				PRODUCT_NAME = "$(TARGET_NAME)";
				SDKROOT = iphoneos;
				SWIFT_DEFAULT_ACTOR_ISOLATION = MainActor;
				SWIFT_VERSION = 5.0;
				TEST_HOST = "$(BUILT_PRODUCTS_DIR)/FitnessTracker.app/$(BUNDLE_EXECUTABLE_FOLDER_PATH)/FitnessTracker";
			};
			name = Debug;
		};
		FD02A0BF3A5E3AD4C9CC64D1 /* Debug */ = {
			isa = XCBuildConfiguration;
			buildSettings = {
				CLANG_ENABLE_OBJC_WEAK = NO;
				CODE_SIGN_ENTITLEMENTS = Supporting/FitnessTrackerWidgets.entitlements;
				CODE_SIGN_STYLE = Automatic;
				CURRENT_PROJECT_VERSION = 1;
				DEVELOPMENT_TEAM = QN8CMK7H5F;
				GENERATE_INFOPLIST_FILE = NO;
				INFOPLIST_FILE = Supporting/WidgetInfo.plist;
				IPHONEOS_DEPLOYMENT_TARGET = 26.0;
				LD_RUNPATH_SEARCH_PATHS = (
					"$(inherited)",
					"@executable_path/Frameworks",
					"@executable_path/../../Frameworks",
				);
				MARKETING_VERSION = 1.0;
				PRODUCT_BUNDLE_IDENTIFIER = dkn.FitnessTracker.Widgets;
				PRODUCT_NAME = "$(TARGET_NAME)";
				SDKROOT = iphoneos;
				SKIP_INSTALL = YES;
				SWIFT_EMIT_LOC_STRINGS = YES;
				SWIFT_VERSION = 5.0;
				TARGETED_DEVICE_FAMILY = "1,2";
			};
			name = Debug;
		};
/* End XCBuildConfiguration section */

/* Begin XCConfigurationList section */
		A1DE74E4302BA2E90083D4F2 /* Build configuration list for PBXProject "FitnessTracker" */ = {
			isa = XCConfigurationList;
			buildConfigurations = (
				A1DE74F2302BA2EA0083D4F2 /* Debug */,
				A1DE74F3302BA2EA0083D4F2 /* Release */,
			);
			defaultConfigurationIsVisible = 0;
			defaultConfigurationName = Release;
		};
		A1DE74F4302BA2EA0083D4F2 /* Build configuration list for PBXNativeTarget "FitnessTracker" */ = {
			isa = XCConfigurationList;
			buildConfigurations = (
				A1DE74F5302BA2EA0083D4F2 /* Debug */,
				A1DE74F6302BA2EA0083D4F2 /* Release */,
			);
			defaultConfigurationIsVisible = 0;
			defaultConfigurationName = Release;
		};
		D45D76BC72D2023B33556E69 /* Build configuration list for PBXNativeTarget "FitnessTrackerWidgets" */ = {
			isa = XCConfigurationList;
			buildConfigurations = (
				749FA62D4E18599D5541F309 /* Release */,
				FD02A0BF3A5E3AD4C9CC64D1 /* Debug */,
			);
			defaultConfigurationIsVisible = 0;
			defaultConfigurationName = Release;
		};
		D8A054EE34B82BE256EAA5AF /* Build configuration list for PBXNativeTarget "FitnessTrackerTests" */ = {
			isa = XCConfigurationList;
			buildConfigurations = (
				EBC239007F70B4E76FBE6020 /* Release */,
				F650CD28002FAFACD7D06E70 /* Debug */,
			);
			defaultConfigurationIsVisible = 0;
			defaultConfigurationName = Release;
		};
		E4DB3A2A85258F4FED927D76 /* Build configuration list for PBXNativeTarget "FitnessTrackerWatch" */ = {
			isa = XCConfigurationList;
			buildConfigurations = (
				CB9F7DA83C3A797CF708695D /* Release */,
				59C334755AFA1FD6DC958DCF /* Debug */,
			);
			defaultConfigurationIsVisible = 0;
			defaultConfigurationName = Release;
		};
/* End XCConfigurationList section */

/* Begin XCRemoteSwiftPackageReference section */
		142AFBFB4C36434C9DD5FAAF /* XCRemoteSwiftPackageReference "supabase-swift" */ = {
			isa = XCRemoteSwiftPackageReference;
			repositoryURL = "https://github.com/supabase/supabase-swift";
			requirement = {
				kind = upToNextMajorVersion;
				minimumVersion = 2.0.0;
			};
		};
/* End XCRemoteSwiftPackageReference section */

/* Begin XCSwiftPackageProductDependency section */
		5B1E3A22BF5A49F0A0674A29 /* Supabase */ = {
			isa = XCSwiftPackageProductDependency;
			package = 142AFBFB4C36434C9DD5FAAF /* XCRemoteSwiftPackageReference "supabase-swift" */;
			productName = Supabase;
		};
/* End XCSwiftPackageProductDependency section */
	};
	rootObject = A1DE74E1302BA2E90083D4F2 /* Project object */;
}
